
Microsoft Visual Studio Solution File, Format Version 12.00
# Visual Studio 2013
VisualStudioVersion = 12.0.21005.1
MinimumVisualStudioVersion = 10.0.40219.1
Project("{FAE04EC0-301F-11D3-BF4B-00C04F79EFBC}") = "Les001_SettingUpXamarin", "Les001_SettingUpXamarin\Les001_SettingUpXamarin.csproj", "{679246DE-1DAC-4CAE-80D3-E741A79751D7}"
EndProject
Project("{FAE04EC0-301F-11D3-BF4B-00C04F79EFBC}") = "Les002_CreatingListView", "Les002_CreatingListView\Les002_CreatingListView.csproj", "{29E7D564-6ECE-4E78-B72B-D0A7A915DF6F}"
EndProject
Global
	GlobalSection(SolutionConfigurationPlatforms) = preSolution
		Debug|Any CPU = Debug|Any CPU
		Release|Any CPU = Release|Any CPU
	EndGlobalSection
	GlobalSection(ProjectConfigurationPlatforms) = postSolution
		{679246DE-1DAC-4CAE-80D3-E741A79751D7}.Debug|Any CPU.ActiveCfg = Debug|Any CPU
		{679246DE-1DAC-4CAE-80D3-E741A79751D7}.Debug|Any CPU.Build.0 = Debug|Any CPU
		{679246DE-1DAC-4CAE-80D3-E741A79751D7}.Debug|Any CPU.Deploy.0 = Debug|Any CPU
		{679246DE-1DAC-4CAE-80D3-E741A79751D7}.Release|Any CPU.ActiveCfg = Release|Any CPU
		{679246DE-1DAC-4CAE-80D3-E741A79751D7}.Release|Any CPU.Build.0 = Release|Any CPU
		{679246DE-1DAC-4CAE-80D3-E741A79751D7}.Release|Any CPU.Deploy.0 = Release|Any CPU
		{29E7D564-6ECE-4E78-B72B-D0A7A915DF6F}.Debug|Any CPU.ActiveCfg = Debug|Any CPU
		{29E7D564-6ECE-4E78-B72B-D0A7A915DF6F}.Debug|Any CPU.Build.0 = Debug|Any CPU
		{29E7D564-6ECE-4E78-B72B-D0A7A915DF6F}.Debug|Any CPU.Deploy.0 = Debug|Any CPU
		{29E7D564-6ECE-4E78-B72B-D0A7A915DF6F}.Release|Any CPU.ActiveCfg = Release|Any CPU
		{29E7D564-6ECE-4E78-B72B-D0A7A915DF6F}.Release|Any CPU.Build.0 = Release|Any CPU
		{29E7D564-6ECE-4E78-B72B-D0A7A915DF6F}.Release|Any CPU.Deploy.0 = Release|Any CPU
	EndGlobalSection
	GlobalSection(SolutionProperties) = preSolution
		HideSolutionNode = FALSE
	EndGlobalSection
EndGlobal
